
Microsoft Visual Studio Solution File, Format Version 12.00
# Visual Studio Version 17
VisualStudioVersion = 17.5.002.0
MinimumVisualStudioVersion = 10.0.40219.1
Project("{9A19103F-16F7-4668-BE54-9A1E7A4F7556}") = "Task1", "Task1\Task1.csproj", "{75043793-C8D9-4ED3-9C42-2C1DF0F16835}"
EndProject
Project("{9A19103F-16F7-4668-BE54-9A1E7A4F7556}") = "Task2", "Task2\Task2.csproj", "{0F0E27BE-42DB-4592-82F2-9DDDE556E7E0}"
EndProject
Project("{9A19103F-16F7-4668-BE54-9A1E7A4F7556}") = "Task3", "Task3\Task3.csproj", "{C94E9F71-696F-4E37-B1B2-079C86C1419F}"
EndProject
Project("{9A19103F-16F7-4668-BE54-9A1E7A4F7556}") = "Task4", "Task4\Task4.csproj", "{A0DA3470-ABA2-4BF7-B7C4-322C899597F7}"
EndProject
Global
	GlobalSection(SolutionConfigurationPlatforms) = preSolution
		Debug|Any CPU = Debug|Any CPU
		Release|Any CPU = Release|Any CPU
	EndGlobalSection
	GlobalSection(ProjectConfigurationPlatforms) = postSolution
		{75043793-C8D9-4ED3-9C42-2C1DF0F16835}.Debug|Any CPU.ActiveCfg = Debug|Any CPU
		{75043793-C8D9-4ED3-9C42-2C1DF0F16835}.Debug|Any CPU.Build.0 = Debug|Any CPU
		{75043793-C8D9-4ED3-9C42-2C1DF0F16835}.Release|Any CPU.ActiveCfg = Release|Any CPU
		{75043793-C8D9-4ED3-9C42-2C1DF0F16835}.Release|Any CPU.Build.0 = Release|Any CPU
		{0F0E27BE-42DB-4592-82F2-9DDDE556E7E0}.Debug|Any CPU.ActiveCfg = Debug|Any CPU
		{0F0E27BE-42DB-4592-82F2-9DDDE556E7E0}.Debug|Any CPU.Build.0 = Debug|Any CPU
		{0F0E27BE-42DB-4592-82F2-9DDDE556E7E0}.Release|Any CPU.ActiveCfg = Release|Any CPU
		{0F0E27BE-42DB-4592-82F2-9DDDE556E7E0}.Release|Any CPU.Build.0 = Release|Any CPU
		{C94E9F71-696F-4E37-B1B2-079C86C1419F}.Debug|Any CPU.ActiveCfg = Debug|Any CPU
		{C94E9F71-696F-4E37-B1B2-079C86C1419F}.Debug|Any CPU.Build.0 = Debug|Any CPU
		{C94E9F71-696F-4E37-B1B2-079C86C1419F}.Release|Any CPU.ActiveCfg = Release|Any CPU
		{C94E9F71-696F-4E37-B1B2-079C86C1419F}.Release|Any CPU.Build.0 = Release|Any CPU
		{A0DA3470-ABA2-4BF7-B7C4-322C899597F7}.Debug|Any CPU.ActiveCfg = Debug|Any CPU
		{A0DA3470-ABA2-4BF7-B7C4-322C899597F7}.Debug|Any CPU.Build.0 = Debug|Any CPU
		{A0DA3470-ABA2-4BF7-B7C4-322C899597F7}.Release|Any CPU.ActiveCfg = Release|Any CPU
		{A0DA3470-ABA2-4BF7-B7C4-322C899597F7}.Release|Any CPU.Build.0 = Release|Any CPU
	EndGlobalSection
	GlobalSection(SolutionProperties) = preSolution
		HideSolutionNode = FALSE
	EndGlobalSection
	GlobalSection(ExtensibilityGlobals) = postSolution
		SolutionGuid = {C0712C8A-7E9F-4314-8EAB-17B9D0A1F903}
	EndGlobalSection
EndGlobal
